
Microsoft Visual Studio Solution File, Format Version 12.00
# Visual Studio Version 17
VisualStudioVersion = 17.4.33110.190
MinimumVisualStudioVersion = 10.0.40219.1
Project("{9A19103F-16F7-4668-BE54-9A1E7A4F7556}") = "Data", "Data\Data.csproj", "{6823E6E4-FC91-445F-8F3E-609620245A6E}"
EndProject
Project("{9A19103F-16F7-4668-BE54-9A1E7A4F7556}") = "Logic", "Logic\Logic.csproj", "{2F73200A-A565-40B7-AAA2-1FE95844676A}"
EndProject
Project("{9A19103F-16F7-4668-BE54-9A1E7A4F7556}") = "PT_Testing", "PT_Testing\PT_Testing.csproj", "{F88385DF-E198-473A-BE23-0932DE822494}"
EndProject
Project("{FAE04EC0-301F-11D3-BF4B-00C04F79EFBC}") = "Presentation", "Presentation\Presentation.csproj", "{921F36D6-3644-4A83-827B-DB1CEAFDBE13}"
EndProject
Global
	GlobalSection(SolutionConfigurationPlatforms) = preSolution
		Debug|Any CPU = Debug|Any CPU
		Release|Any CPU = Release|Any CPU
	EndGlobalSection
	GlobalSection(ProjectConfigurationPlatforms) = postSolution
		{6823E6E4-FC91-445F-8F3E-609620245A6E}.Debug|Any CPU.ActiveCfg = Debug|Any CPU
		{6823E6E4-FC91-445F-8F3E-609620245A6E}.Debug|Any CPU.Build.0 = Debug|Any CPU
		{6823E6E4-FC91-445F-8F3E-609620245A6E}.Release|Any CPU.ActiveCfg = Release|Any CPU
		{6823E6E4-FC91-445F-8F3E-609620245A6E}.Release|Any CPU.Build.0 = Release|Any CPU
		{2F73200A-A565-40B7-AAA2-1FE95844676A}.Debug|Any CPU.ActiveCfg = Debug|Any CPU
		{2F73200A-A565-40B7-AAA2-1FE95844676A}.Debug|Any CPU.Build.0 = Debug|Any CPU
		{2F73200A-A565-40B7-AAA2-1FE95844676A}.Release|Any CPU.ActiveCfg = Release|Any CPU
		{2F73200A-A565-40B7-AAA2-1FE95844676A}.Release|Any CPU.Build.0 = Release|Any CPU
		{F88385DF-E198-473A-BE23-0932DE822494}.Debug|Any CPU.ActiveCfg = Debug|Any CPU
		{F88385DF-E198-473A-BE23-0932DE822494}.Debug|Any CPU.Build.0 = Debug|Any CPU
		{F88385DF-E198-473A-BE23-0932DE822494}.Release|Any CPU.ActiveCfg = Release|Any CPU
		{F88385DF-E198-473A-BE23-0932DE822494}.Release|Any CPU.Build.0 = Release|Any CPU
		{921F36D6-3644-4A83-827B-DB1CEAFDBE13}.Debug|Any CPU.ActiveCfg = Debug|Any CPU
		{921F36D6-3644-4A83-827B-DB1CEAFDBE13}.Debug|Any CPU.Build.0 = Debug|Any CPU
		{921F36D6-3644-4A83-827B-DB1CEAFDBE13}.Release|Any CPU.ActiveCfg = Release|Any CPU
		{921F36D6-3644-4A83-827B-DB1CEAFDBE13}.Release|Any CPU.Build.0 = Release|Any CPU
	EndGlobalSection
	GlobalSection(SolutionProperties) = preSolution
		HideSolutionNode = FALSE
	EndGlobalSection
	GlobalSection(ExtensibilityGlobals) = postSolution
		SolutionGuid = {C12BCDB9-D090-453E-A162-039B3C537F14}
	EndGlobalSection
EndGlobal
