
Microsoft Visual Studio Solution File, Format Version 12.00
# Visual Studio Version 17
VisualStudioVersion = 17.5.33424.131
MinimumVisualStudioVersion = 10.0.40219.1
Project("{FAE04EC0-301F-11D3-BF4B-00C04F79EFBC}") = "PT", "PT\PT.csproj", "{BBDA5E9D-0D5F-46F7-9A9C-EB81FEBDE273}"
EndProject
Project("{FAE04EC0-301F-11D3-BF4B-00C04F79EFBC}") = "PT_Test", "PT_Test\PT_Test.csproj", "{56BF2158-9E1E-4793-B09F-2F145B8DDE5D}"
EndProject
Global
	GlobalSection(SolutionConfigurationPlatforms) = preSolution
		Debug|Any CPU = Debug|Any CPU
		Release|Any CPU = Release|Any CPU
	EndGlobalSection
	GlobalSection(ProjectConfigurationPlatforms) = postSolution
		{BBDA5E9D-0D5F-46F7-9A9C-EB81FEBDE273}.Debug|Any CPU.ActiveCfg = Debug|Any CPU
		{BBDA5E9D-0D5F-46F7-9A9C-EB81FEBDE273}.Debug|Any CPU.Build.0 = Debug|Any CPU
		{BBDA5E9D-0D5F-46F7-9A9C-EB81FEBDE273}.Release|Any CPU.ActiveCfg = Release|Any CPU
		{BBDA5E9D-0D5F-46F7-9A9C-EB81FEBDE273}.Release|Any CPU.Build.0 = Release|Any CPU
		{56BF2158-9E1E-4793-B09F-2F145B8DDE5D}.Debug|Any CPU.ActiveCfg = Debug|Any CPU
		{56BF2158-9E1E-4793-B09F-2F145B8DDE5D}.Debug|Any CPU.Build.0 = Debug|Any CPU
		{56BF2158-9E1E-4793-B09F-2F145B8DDE5D}.Release|Any CPU.ActiveCfg = Release|Any CPU
		{56BF2158-9E1E-4793-B09F-2F145B8DDE5D}.Release|Any CPU.Build.0 = Release|Any CPU
	EndGlobalSection
	GlobalSection(SolutionProperties) = preSolution
		HideSolutionNode = FALSE
	EndGlobalSection
	GlobalSection(ExtensibilityGlobals) = postSolution
		SolutionGuid = {EFD6FE9E-C325-452D-BBDF-C8ADC5705336}
	EndGlobalSection
EndGlobal
